
Microsoft Visual Studio Solution File, Format Version 12.00
# Visual Studio Version 16
VisualStudioVersion = 16.0.29215.179
MinimumVisualStudioVersion = 10.0.40219.1
Project("{FAE04EC0-301F-11D3-BF4B-00C04F79EFBC}") = "MyFirstCSharpApp", "MyFirstCSharpApp\MyFirstCSharpApp.csproj", "{D93F0C30-E8F6-4E64-836A-1908B5E386D7}"
EndProject
Global
	GlobalSection(SolutionConfigurationPlatforms) = preSolution
		Debug|Any CPU = Debug|Any CPU
		Release|Any CPU = Release|Any CPU
	EndGlobalSection
	GlobalSection(ProjectConfigurationPlatforms) = postSolution
		{D93F0C30-E8F6-4E64-836A-1908B5E386D7}.Debug|Any CPU.ActiveCfg = Debug|Any CPU
		{D93F0C30-E8F6-4E64-836A-1908B5E386D7}.Debug|Any CPU.Build.0 = Debug|Any CPU
		{D93F0C30-E8F6-4E64-836A-1908B5E386D7}.Release|Any CPU.ActiveCfg = Release|Any CPU
		{D93F0C30-E8F6-4E64-836A-1908B5E386D7}.Release|Any CPU.Build.0 = Release|Any CPU
	EndGlobalSection
	GlobalSection(SolutionProperties) = preSolution
		HideSolutionNode = FALSE
	EndGlobalSection
	GlobalSection(ExtensibilityGlobals) = postSolution
		SolutionGuid = {A429F467-7B82-4D45-8CB7-F631F419B171}
	EndGlobalSection
EndGlobal
