
Microsoft Visual Studio Solution File, Format Version 12.00
# Visual Studio Version 16
VisualStudioVersion = 16.0.29215.179
MinimumVisualStudioVersion = 10.0.40219.1
Project("{00D1A9C2-B5F0-4AF3-8072-F6C62B433612}") = "ChinookDB", "ChinookDB\ChinookDB.sqlproj", "{908379B2-7D0C-4487-A0C2-7FF3B2E77AE2}"
EndProject
Project("{FAE04EC0-301F-11D3-BF4B-00C04F79EFBC}") = "ChinookDAL", "ChinookDAL\ChinookDAL.csproj", "{7A7597A1-FB47-466D-B131-6A3DFC3D5977}"
EndProject
Project("{FAE04EC0-301F-11D3-BF4B-00C04F79EFBC}") = "TestHarness", "TestHarness\TestHarness.csproj", "{C8107D0A-1246-4186-846F-3B82B976D7CF}"
EndProject
Global
	GlobalSection(SolutionConfigurationPlatforms) = preSolution
		Debug|Any CPU = Debug|Any CPU
		Release|Any CPU = Release|Any CPU
	EndGlobalSection
	GlobalSection(ProjectConfigurationPlatforms) = postSolution
		{908379B2-7D0C-4487-A0C2-7FF3B2E77AE2}.Debug|Any CPU.ActiveCfg = Debug|Any CPU
		{908379B2-7D0C-4487-A0C2-7FF3B2E77AE2}.Debug|Any CPU.Build.0 = Debug|Any CPU
		{908379B2-7D0C-4487-A0C2-7FF3B2E77AE2}.Debug|Any CPU.Deploy.0 = Debug|Any CPU
		{908379B2-7D0C-4487-A0C2-7FF3B2E77AE2}.Release|Any CPU.ActiveCfg = Release|Any CPU
		{908379B2-7D0C-4487-A0C2-7FF3B2E77AE2}.Release|Any CPU.Build.0 = Release|Any CPU
		{908379B2-7D0C-4487-A0C2-7FF3B2E77AE2}.Release|Any CPU.Deploy.0 = Release|Any CPU
		{7A7597A1-FB47-466D-B131-6A3DFC3D5977}.Debug|Any CPU.ActiveCfg = Debug|Any CPU
		{7A7597A1-FB47-466D-B131-6A3DFC3D5977}.Debug|Any CPU.Build.0 = Debug|Any CPU
		{7A7597A1-FB47-466D-B131-6A3DFC3D5977}.Release|Any CPU.ActiveCfg = Release|Any CPU
		{7A7597A1-FB47-466D-B131-6A3DFC3D5977}.Release|Any CPU.Build.0 = Release|Any CPU
		{C8107D0A-1246-4186-846F-3B82B976D7CF}.Debug|Any CPU.ActiveCfg = Debug|Any CPU
		{C8107D0A-1246-4186-846F-3B82B976D7CF}.Debug|Any CPU.Build.0 = Debug|Any CPU
		{C8107D0A-1246-4186-846F-3B82B976D7CF}.Release|Any CPU.ActiveCfg = Release|Any CPU
		{C8107D0A-1246-4186-846F-3B82B976D7CF}.Release|Any CPU.Build.0 = Release|Any CPU
	EndGlobalSection
	GlobalSection(SolutionProperties) = preSolution
		HideSolutionNode = FALSE
	EndGlobalSection
	GlobalSection(ExtensibilityGlobals) = postSolution
		SolutionGuid = {3785C872-3A0E-40AD-BC76-5478AE5A2F83}
	EndGlobalSection
EndGlobal
